// !$*UTF8*$!
{
	archiveVersion = 1;
	classes = {
	};
	objectVersion = 45;
	objects = {

/* Begin PBXBuildFile section */
		1DDD58160DA1D0A300B32029 /* MainMenu.xib in Resources */ = {isa = PBXBuildFile; fileRef = 1DDD58140DA1D0A300B32029 /* MainMenu.xib */; };
		256AC3DA0F4B6AC300CF3369 /* Kaiwa_WhiteboardAppDelegate.m in Sources */ = {isa = PBXBuildFile; fileRef = 256AC3D90F4B6AC300CF3369 /* Kaiwa_WhiteboardAppDelegate.m */; };
		8D11072B0486CEB800E47090 /* InfoPlist.strings in Resources */ = {isa = PBXBuildFile; fileRef = 089C165CFE840E0CC02AAC07 /* InfoPlist.strings */; };
		8D11072D0486CEB800E47090 /* main.m in Sources */ = {isa = PBXBuildFile; fileRef = 29B97316FDCFA39411CA2CEA /* main.m */; settings = {ATTRIBUTES = (); }; };
		8D11072F0486CEB800E47090 /* Cocoa.framework in Frameworks */ = {isa = PBXBuildFile; fileRef = 1058C7A1FEA54F0111CA2CBB /* Cocoa.framework */; };
		FCFA0FF8133FDEFD00141766 /* KWWhiteBoardView.m in Sources */ = {isa = PBXBuildFile; fileRef = FCFA0FF7133FDEFD00141766 /* KWWhiteBoardView.m */; };
		FCFA0FFB133FDF4100141766 /* KWWhiteBoardViewController.m in Sources */ = {isa = PBXBuildFile; fileRef = FCFA0FFA133FDF4100141766 /* KWWhiteBoardViewController.m */; };
		FCFA0FFE1340EE5100141766 /* KWScribble.m in Sources */ = {isa = PBXBuildFile; fileRef = FCFA0FFD1340EE5100141766 /* KWScribble.m */; };
		FCFA10011340FCB200141766 /* KWScribblePoint.m in Sources */ = {isa = PBXBuildFile; fileRef = FCFA10001340FCB200141766 /* KWScribblePoint.m */; };
		FCFA108D1341271C00141766 /* KWBuddy.m in Sources */ = {isa = PBXBuildFile; fileRef = FCFA108C1341271C00141766 /* KWBuddy.m */; };
		FCFA10B413412B2A00141766 /* Collaboration.framework in Frameworks */ = {isa = PBXBuildFile; fileRef = FCFA10B313412B2A00141766 /* Collaboration.framework */; };
		FCFA10DE13412B9700141766 /* InfoPlist.strings in Resources */ = {isa = PBXBuildFile; fileRef = 089C165CFE840E0CC02AAC07 /* InfoPlist.strings */; };
		FCFA10DF13412B9700141766 /* MainMenu.xib in Resources */ = {isa = PBXBuildFile; fileRef = 1DDD58140DA1D0A300B32029 /* MainMenu.xib */; };
		FCFA10E113412B9700141766 /* main.m in Sources */ = {isa = PBXBuildFile; fileRef = 29B97316FDCFA39411CA2CEA /* main.m */; settings = {ATTRIBUTES = (); }; };
		FCFA10E213412B9700141766 /* Kaiwa_WhiteboardAppDelegate.m in Sources */ = {isa = PBXBuildFile; fileRef = 256AC3D90F4B6AC300CF3369 /* Kaiwa_WhiteboardAppDelegate.m */; };
		FCFA10E313412B9700141766 /* KWWhiteBoardView.m in Sources */ = {isa = PBXBuildFile; fileRef = FCFA0FF7133FDEFD00141766 /* KWWhiteBoardView.m */; };
		FCFA10E413412B9700141766 /* KWWhiteBoardViewController.m in Sources */ = {isa = PBXBuildFile; fileRef = FCFA0FFA133FDF4100141766 /* KWWhiteBoardViewController.m */; };
		FCFA10E513412B9700141766 /* KWScribble.m in Sources */ = {isa = PBXBuildFile; fileRef = FCFA0FFD1340EE5100141766 /* KWScribble.m */; };
		FCFA10E613412B9700141766 /* KWScribblePoint.m in Sources */ = {isa = PBXBuildFile; fileRef = FCFA10001340FCB200141766 /* KWScribblePoint.m */; };
		FCFA10E713412B9700141766 /* KWBuddy.m in Sources */ = {isa = PBXBuildFile; fileRef = FCFA108C1341271C00141766 /* KWBuddy.m */; };
		FCFA10EA13412B9700141766 /* Cocoa.framework in Frameworks */ = {isa = PBXBuildFile; fileRef = 1058C7A1FEA54F0111CA2CBB /* Cocoa.framework */; };
		FCFA10EB13412B9700141766 /* Collaboration.framework in Frameworks */ = {isa = PBXBuildFile; fileRef = FCFA10B313412B2A00141766 /* Collaboration.framework */; };
		FF91E1EC150FFE8700ED565E /* KaiwaFramework.framework in Frameworks */ = {isa = PBXBuildFile; fileRef = FF91E1EB150FFE8700ED565E /* KaiwaFramework.framework */; };
		FF91E1ED150FFE9000ED565E /* KaiwaFramework.framework in CopyFiles */ = {isa = PBXBuildFile; fileRef = FF91E1EB150FFE8700ED565E /* KaiwaFramework.framework */; };
/* End PBXBuildFile section */

/* Begin PBXContainerItemProxy section */
		FF91E1E3150FFDE200ED565E /* PBXContainerItemProxy */ = {
			isa = PBXContainerItemProxy;
			containerPortal = FF91E1DB150FFDE100ED565E /* KaiwaFramework.xcodeproj */;
			proxyType = 2;
			remoteGlobalIDString = 8DC2EF5B0486A6940098B216;
			remoteInfo = KaiwaFramework;
		};
		FF91E1E9150FFE2100ED565E /* PBXContainerItemProxy */ = {
			isa = PBXContainerItemProxy;
			containerPortal = FF91E1DB150FFDE100ED565E /* KaiwaFramework.xcodeproj */;
			proxyType = 1;
			remoteGlobalIDString = FCFA0ED9133E8E0900141766;
			remoteInfo = "Build and Install";
		};
/* End PBXContainerItemProxy section */

/* Begin PBXCopyFilesBuildPhase section */
		FCFA0FF5133FDEC800141766 /* CopyFiles */ = {
			isa = PBXCopyFilesBuildPhase;
			buildActionMask = 2147483647;
			dstPath = "";
			dstSubfolderSpec = 10;
			files = (
				FF91E1ED150FFE9000ED565E /* KaiwaFramework.framework in CopyFiles */,
			);
			runOnlyForDeploymentPostprocessing = 0;
		};
		FCFA10EC13412B9700141766 /* CopyFiles */ = {
			isa = PBXCopyFilesBuildPhase;
			buildActionMask = 2147483647;
			dstPath = "";
			dstSubfolderSpec = 10;
			files = (
			);
			runOnlyForDeploymentPostprocessing = 0;
		};
/* End PBXCopyFilesBuildPhase section */

/* Begin PBXFileReference section */
		089C165DFE840E0CC02AAC07 /* English */ = {isa = PBXFileReference; fileEncoding = 4; lastKnownFileType = text.plist.strings; name = English; path = English.lproj/InfoPlist.strings; sourceTree = "<group>"; };
		1058C7A1FEA54F0111CA2CBB /* Cocoa.framework */ = {isa = PBXFileReference; lastKnownFileType = wrapper.framework; name = Cocoa.framework; path = /System/Library/Frameworks/Cocoa.framework; sourceTree = "<absolute>"; };
		13E42FB307B3F0F600E4EEF1 /* CoreData.framework */ = {isa = PBXFileReference; lastKnownFileType = wrapper.framework; name = CoreData.framework; path = /System/Library/Frameworks/CoreData.framework; sourceTree = "<absolute>"; };
		1DDD58150DA1D0A300B32029 /* English */ = {isa = PBXFileReference; lastKnownFileType = file.xib; name = English; path = English.lproj/MainMenu.xib; sourceTree = "<group>"; };
		256AC3D80F4B6AC300CF3369 /* Kaiwa_WhiteboardAppDelegate.h */ = {isa = PBXFileReference; fileEncoding = 4; lastKnownFileType = sourcecode.c.h; path = Kaiwa_WhiteboardAppDelegate.h; sourceTree = "<group>"; };
		256AC3D90F4B6AC300CF3369 /* Kaiwa_WhiteboardAppDelegate.m */ = {isa = PBXFileReference; fileEncoding = 4; lastKnownFileType = sourcecode.c.objc; path = Kaiwa_WhiteboardAppDelegate.m; sourceTree = "<group>"; };
		256AC3F00F4B6AF500CF3369 /* Kaiwa_Whiteboard_Prefix.pch */ = {isa = PBXFileReference; fileEncoding = 4; lastKnownFileType = sourcecode.c.h; path = Kaiwa_Whiteboard_Prefix.pch; sourceTree = "<group>"; };
		29B97316FDCFA39411CA2CEA /* main.m */ = {isa = PBXFileReference; fileEncoding = 4; lastKnownFileType = sourcecode.c.objc; path = main.m; sourceTree = "<group>"; };
		29B97324FDCFA39411CA2CEA /* AppKit.framework */ = {isa = PBXFileReference; lastKnownFileType = wrapper.framework; name = AppKit.framework; path = /System/Library/Frameworks/AppKit.framework; sourceTree = "<absolute>"; };
		29B97325FDCFA39411CA2CEA /* Foundation.framework */ = {isa = PBXFileReference; lastKnownFileType = wrapper.framework; name = Foundation.framework; path = /System/Library/Frameworks/Foundation.framework; sourceTree = "<absolute>"; };
		8D1107310486CEB800E47090 /* Kaiwa_Whiteboard-Info.plist */ = {isa = PBXFileReference; fileEncoding = 4; lastKnownFileType = text.plist.xml; path = "Kaiwa_Whiteboard-Info.plist"; sourceTree = "<group>"; };
		8D1107320486CEB800E47090 /* Kaiwa Whiteboard.app */ = {isa = PBXFileReference; explicitFileType = wrapper.application; includeInIndex = 0; path = "Kaiwa Whiteboard.app"; sourceTree = BUILT_PRODUCTS_DIR; };
		FCFA0FF6133FDEFD00141766 /* KWWhiteBoardView.h */ = {isa = PBXFileReference; fileEncoding = 4; lastKnownFileType = sourcecode.c.h; path = KWWhiteBoardView.h; sourceTree = "<group>"; };
		FCFA0FF7133FDEFD00141766 /* KWWhiteBoardView.m */ = {isa = PBXFileReference; fileEncoding = 4; lastKnownFileType = sourcecode.c.objc; path = KWWhiteBoardView.m; sourceTree = "<group>"; };
		FCFA0FF9133FDF4100141766 /* KWWhiteBoardViewController.h */ = {isa = PBXFileReference; fileEncoding = 4; lastKnownFileType = sourcecode.c.h; path = KWWhiteBoardViewController.h; sourceTree = "<group>"; };
		FCFA0FFA133FDF4100141766 /* KWWhiteBoardViewController.m */ = {isa = PBXFileReference; fileEncoding = 4; lastKnownFileType = sourcecode.c.objc; path = KWWhiteBoardViewController.m; sourceTree = "<group>"; };
		FCFA0FFC1340EE5100141766 /* KWScribble.h */ = {isa = PBXFileReference; fileEncoding = 4; lastKnownFileType = sourcecode.c.h; path = KWScribble.h; sourceTree = "<group>"; };
		FCFA0FFD1340EE5100141766 /* KWScribble.m */ = {isa = PBXFileReference; fileEncoding = 4; lastKnownFileType = sourcecode.c.objc; path = KWScribble.m; sourceTree = "<group>"; };
		FCFA0FFF1340FCB200141766 /* KWScribblePoint.h */ = {isa = PBXFileReference; fileEncoding = 4; lastKnownFileType = sourcecode.c.h; path = KWScribblePoint.h; sourceTree = "<group>"; };
		FCFA10001340FCB200141766 /* KWScribblePoint.m */ = {isa = PBXFileReference; fileEncoding = 4; lastKnownFileType = sourcecode.c.objc; path = KWScribblePoint.m; sourceTree = "<group>"; };
		FCFA108B1341271C00141766 /* KWBuddy.h */ = {isa = PBXFileReference; fileEncoding = 4; lastKnownFileType = sourcecode.c.h; path = KWBuddy.h; sourceTree = "<group>"; };
		FCFA108C1341271C00141766 /* KWBuddy.m */ = {isa = PBXFileReference; fileEncoding = 4; lastKnownFileType = sourcecode.c.objc; path = KWBuddy.m; sourceTree = "<group>"; };
		FCFA10B313412B2A00141766 /* Collaboration.framework */ = {isa = PBXFileReference; lastKnownFileType = wrapper.framework; name = Collaboration.framework; path = System/Library/Frameworks/Collaboration.framework; sourceTree = SDKROOT; };
		FCFA10F113412B9700141766 /* Kaiwa Whiteboard Test.app */ = {isa = PBXFileReference; explicitFileType = wrapper.application; includeInIndex = 0; path = "Kaiwa Whiteboard Test.app"; sourceTree = BUILT_PRODUCTS_DIR; };
		FCFA10F313412B9700141766 /* Kaiwa_Whiteboard-Info copy.plist */ = {isa = PBXFileReference; lastKnownFileType = text.plist.xml; path = "Kaiwa_Whiteboard-Info copy.plist"; sourceTree = "<group>"; };
		FF91E1DB150FFDE100ED565E /* KaiwaFramework.xcodeproj */ = {isa = PBXFileReference; lastKnownFileType = "wrapper.pb-project"; name = KaiwaFramework.xcodeproj; path = ../KaiwaFramework/KaiwaFramework.xcodeproj; sourceTree = "<group>"; };
		FF91E1EB150FFE8700ED565E /* KaiwaFramework.framework */ = {isa = PBXFileReference; lastKnownFileType = wrapper.framework; name = KaiwaFramework.framework; path = ../../../../Library/Frameworks/KaiwaFramework.framework; sourceTree = "<group>"; };
/* End PBXFileReference section */

/* Begin PBXFrameworksBuildPhase section */
		8D11072E0486CEB800E47090 /* Frameworks */ = {
			isa = PBXFrameworksBuildPhase;
			buildActionMask = 2147483647;
			files = (
				FF91E1EC150FFE8700ED565E /* KaiwaFramework.framework in Frameworks */,
				8D11072F0486CEB800E47090 /* Cocoa.framework in Frameworks */,
				FCFA10B413412B2A00141766 /* Collaboration.framework in Frameworks */,
			);
			runOnlyForDeploymentPostprocessing = 0;
		};
		FCFA10E813412B9700141766 /* Frameworks */ = {
			isa = PBXFrameworksBuildPhase;
			buildActionMask = 2147483647;
			files = (
				FCFA10EA13412B9700141766 /* Cocoa.framework in Frameworks */,
				FCFA10EB13412B9700141766 /* Collaboration.framework in Frameworks */,
			);
			runOnlyForDeploymentPostprocessing = 0;
		};
/* End PBXFrameworksBuildPhase section */

/* Begin PBXGroup section */
		080E96DDFE201D6D7F000001 /* Classes */ = {
			isa = PBXGroup;
			children = (
				256AC3D80F4B6AC300CF3369 /* Kaiwa_WhiteboardAppDelegate.h */,
				256AC3D90F4B6AC300CF3369 /* Kaiwa_WhiteboardAppDelegate.m */,
				1DDD58140DA1D0A300B32029 /* MainMenu.xib */,
				FCFA108B1341271C00141766 /* KWBuddy.h */,
				FCFA108C1341271C00141766 /* KWBuddy.m */,
				FCFA0FF6133FDEFD00141766 /* KWWhiteBoardView.h */,
				FCFA0FF7133FDEFD00141766 /* KWWhiteBoardView.m */,
				FCFA0FF9133FDF4100141766 /* KWWhiteBoardViewController.h */,
				FCFA0FFA133FDF4100141766 /* KWWhiteBoardViewController.m */,
				FCFA0FFC1340EE5100141766 /* KWScribble.h */,
				FCFA0FFD1340EE5100141766 /* KWScribble.m */,
				FCFA0FFF1340FCB200141766 /* KWScribblePoint.h */,
				FCFA10001340FCB200141766 /* KWScribblePoint.m */,
			);
			name = Classes;
			sourceTree = "<group>";
		};
		1058C7A0FEA54F0111CA2CBB /* Linked Frameworks */ = {
			isa = PBXGroup;
			children = (
				FF91E1EB150FFE8700ED565E /* KaiwaFramework.framework */,
				FCFA10B313412B2A00141766 /* Collaboration.framework */,
				1058C7A1FEA54F0111CA2CBB /* Cocoa.framework */,
			);
			name = "Linked Frameworks";
			sourceTree = "<group>";
		};
		1058C7A2FEA54F0111CA2CBB /* Other Frameworks */ = {
			isa = PBXGroup;
			children = (
				29B97324FDCFA39411CA2CEA /* AppKit.framework */,
				13E42FB307B3F0F600E4EEF1 /* CoreData.framework */,
				29B97325FDCFA39411CA2CEA /* Foundation.framework */,
			);
			name = "Other Frameworks";
			sourceTree = "<group>";
		};
		19C28FACFE9D520D11CA2CBB /* Products */ = {
			isa = PBXGroup;
			children = (
				8D1107320486CEB800E47090 /* Kaiwa Whiteboard.app */,
				FCFA10F113412B9700141766 /* Kaiwa Whiteboard Test.app */,
			);
			name = Products;
			sourceTree = "<group>";
		};
		29B97314FDCFA39411CA2CEA /* Kaiwa Whiteboard */ = {
			isa = PBXGroup;
			children = (
				FF91E1DB150FFDE100ED565E /* KaiwaFramework.xcodeproj */,
				080E96DDFE201D6D7F000001 /* Classes */,
				29B97315FDCFA39411CA2CEA /* Other Sources */,
				29B97317FDCFA39411CA2CEA /* Resources */,
				29B97323FDCFA39411CA2CEA /* Frameworks */,
				19C28FACFE9D520D11CA2CBB /* Products */,
			);
			name = "Kaiwa Whiteboard";
			sourceTree = "<group>";
		};
		29B97315FDCFA39411CA2CEA /* Other Sources */ = {
			isa = PBXGroup;
			children = (
				256AC3F00F4B6AF500CF3369 /* Kaiwa_Whiteboard_Prefix.pch */,
				29B97316FDCFA39411CA2CEA /* main.m */,
			);
			name = "Other Sources";
			sourceTree = "<group>";
		};
		29B97317FDCFA39411CA2CEA /* Resources */ = {
			isa = PBXGroup;
			children = (
				8D1107310486CEB800E47090 /* Kaiwa_Whiteboard-Info.plist */,
				089C165CFE840E0CC02AAC07 /* InfoPlist.strings */,
				FCFA10F313412B9700141766 /* Kaiwa_Whiteboard-Info copy.plist */,
			);
			name = Resources;
			sourceTree = "<group>";
		};
		29B97323FDCFA39411CA2CEA /* Frameworks */ = {
			isa = PBXGroup;
			children = (
				1058C7A0FEA54F0111CA2CBB /* Linked Frameworks */,
				1058C7A2FEA54F0111CA2CBB /* Other Frameworks */,
			);
			name = Frameworks;
			sourceTree = "<group>";
		};
		FF91E1DC150FFDE100ED565E /* Products */ = {
			isa = PBXGroup;
			children = (
				FF91E1E4150FFDE200ED565E /* KaiwaFramework.framework */,
			);
			name = Products;
			sourceTree = "<group>";
		};
/* End PBXGroup section */

/* Begin PBXNativeTarget section */
		8D1107260486CEB800E47090 /* Kaiwa Whiteboard */ = {
			isa = PBXNativeTarget;
			buildConfigurationList = C01FCF4A08A954540054247B /* Build configuration list for PBXNativeTarget "Kaiwa Whiteboard" */;
			buildPhases = (
				8D1107290486CEB800E47090 /* Resources */,
				8D11072C0486CEB800E47090 /* Sources */,
				8D11072E0486CEB800E47090 /* Frameworks */,
				FCFA0FF5133FDEC800141766 /* CopyFiles */,
			);
			buildRules = (
			);
			dependencies = (
				FF91E1EA150FFE2100ED565E /* PBXTargetDependency */,
			);
			name = "Kaiwa Whiteboard";
			productInstallPath = "$(HOME)/Applications";
			productName = "Kaiwa Whiteboard";
			productReference = 8D1107320486CEB800E47090 /* Kaiwa Whiteboard.app */;
			productType = "com.apple.product-type.application";
		};
		FCFA10DA13412B9700141766 /* Kaiwa Whiteboard Test */ = {
			isa = PBXNativeTarget;
			buildConfigurationList = FCFA10EE13412B9700141766 /* Build configuration list for PBXNativeTarget "Kaiwa Whiteboard Test" */;
			buildPhases = (
				FCFA10DD13412B9700141766 /* Resources */,
				FCFA10E013412B9700141766 /* Sources */,
				FCFA10E813412B9700141766 /* Frameworks */,
				FCFA10EC13412B9700141766 /* CopyFiles */,
			);
			buildRules = (
			);
			dependencies = (
			);
			name = "Kaiwa Whiteboard Test";
			productInstallPath = "$(HOME)/Applications";
			productName = "Kaiwa Whiteboard";
			productReference = FCFA10F113412B9700141766 /* Kaiwa Whiteboard Test.app */;
			productType = "com.apple.product-type.application";
		};
/* End PBXNativeTarget section */

/* Begin PBXProject section */
		29B97313FDCFA39411CA2CEA /* Project object */ = {
			isa = PBXProject;
			buildConfigurationList = C01FCF4E08A954540054247B /* Build configuration list for PBXProject "Kaiwa Whiteboard" */;
			compatibilityVersion = "Xcode 3.1";
			developmentRegion = English;
			hasScannedForEncodings = 1;
			knownRegions = (
				English,
				Japanese,
				French,
				German,
			);
			mainGroup = 29B97314FDCFA39411CA2CEA /* Kaiwa Whiteboard */;
			projectDirPath = "";
			projectReferences = (
				{
					ProductGroup = FF91E1DC150FFDE100ED565E /* Products */;
					ProjectRef = FF91E1DB150FFDE100ED565E /* KaiwaFramework.xcodeproj */;
				},
			);
			projectRoot = "";
			targets = (
				8D1107260486CEB800E47090 /* Kaiwa Whiteboard */,
				FCFA10DA13412B9700141766 /* Kaiwa Whiteboard Test */,
			);
		};
/* End PBXProject section */

/* Begin PBXReferenceProxy section */
		FF91E1E4150FFDE200ED565E /* KaiwaFramework.framework */ = {
			isa = PBXReferenceProxy;
			fileType = wrapper.framework;
			path = KaiwaFramework.framework;
			remoteRef = FF91E1E3150FFDE200ED565E /* PBXContainerItemProxy */;
			sourceTree = BUILT_PRODUCTS_DIR;
		};
/* End PBXReferenceProxy section */

/* Begin PBXResourcesBuildPhase section */
		8D1107290486CEB800E47090 /* Resources */ = {
			isa = PBXResourcesBuildPhase;
			buildActionMask = 2147483647;
			files = (
				8D11072B0486CEB800E47090 /* InfoPlist.strings in Resources */,
				1DDD58160DA1D0A300B32029 /* MainMenu.xib in Resources */,
			);
			runOnlyForDeploymentPostprocessing = 0;
		};
		FCFA10DD13412B9700141766 /* Resources */ = {
			isa = PBXResourcesBuildPhase;
			buildActionMask = 2147483647;
			files = (
				FCFA10DE13412B9700141766 /* InfoPlist.strings in Resources */,
				FCFA10DF13412B9700141766 /* MainMenu.xib in Resources */,
			);
			runOnlyForDeploymentPostprocessing = 0;
		};
/* End PBXResourcesBuildPhase section */

/* Begin PBXSourcesBuildPhase section */
		8D11072C0486CEB800E47090 /* Sources */ = {
			isa = PBXSourcesBuildPhase;
			buildActionMask = 2147483647;
			files = (
				8D11072D0486CEB800E47090 /* main.m in Sources */,
				256AC3DA0F4B6AC300CF3369 /* Kaiwa_WhiteboardAppDelegate.m in Sources */,
				FCFA0FF8133FDEFD00141766 /* KWWhiteBoardView.m in Sources */,
				FCFA0FFB133FDF4100141766 /* KWWhiteBoardViewController.m in Sources */,
				FCFA0FFE1340EE5100141766 /* KWScribble.m in Sources */,
				FCFA10011340FCB200141766 /* KWScribblePoint.m in Sources */,
				FCFA108D1341271C00141766 /* KWBuddy.m in Sources */,
			);
			runOnlyForDeploymentPostprocessing = 0;
		};
		FCFA10E013412B9700141766 /* Sources */ = {
			isa = PBXSourcesBuildPhase;
			buildActionMask = 2147483647;
			files = (
				FCFA10E113412B9700141766 /* main.m in Sources */,
				FCFA10E213412B9700141766 /* Kaiwa_WhiteboardAppDelegate.m in Sources */,
				FCFA10E313412B9700141766 /* KWWhiteBoardView.m in Sources */,
				FCFA10E413412B9700141766 /* KWWhiteBoardViewController.m in Sources */,
				FCFA10E513412B9700141766 /* KWScribble.m in Sources */,
				FCFA10E613412B9700141766 /* KWScribblePoint.m in Sources */,
				FCFA10E713412B9700141766 /* KWBuddy.m in Sources */,
			);
			runOnlyForDeploymentPostprocessing = 0;
		};
/* End PBXSourcesBuildPhase section */

/* Begin PBXTargetDependency section */
		FF91E1EA150FFE2100ED565E /* PBXTargetDependency */ = {
			isa = PBXTargetDependency;
			name = "Build and Install";
			targetProxy = FF91E1E9150FFE2100ED565E /* PBXContainerItemProxy */;
		};
/* End PBXTargetDependency section */

/* Begin PBXVariantGroup section */
		089C165CFE840E0CC02AAC07 /* InfoPlist.strings */ = {
			isa = PBXVariantGroup;
			children = (
				089C165DFE840E0CC02AAC07 /* English */,
			);
			name = InfoPlist.strings;
			sourceTree = "<group>";
		};
		1DDD58140DA1D0A300B32029 /* MainMenu.xib */ = {
			isa = PBXVariantGroup;
			children = (
				1DDD58150DA1D0A300B32029 /* English */,
			);
			name = MainMenu.xib;
			sourceTree = "<group>";
		};
/* End PBXVariantGroup section */

/* Begin XCBuildConfiguration section */
		C01FCF4B08A954540054247B /* Debug */ = {
			isa = XCBuildConfiguration;
			buildSettings = {
				ALWAYS_SEARCH_USER_PATHS = YES;
				BUILD_STYLE = Debug;
				COPY_PHASE_STRIP = NO;
				FRAMEWORK_SEARCH_PATHS = (
					"$(inherited)",
					"\"$(SRCROOT)/../../../../Library/Frameworks\"",
				);
				GCC_DYNAMIC_NO_PIC = NO;
				GCC_ENABLE_FIX_AND_CONTINUE = YES;
				GCC_MODEL_TUNING = G5;
				GCC_OPTIMIZATION_LEVEL = 0;
				GCC_PRECOMPILE_PREFIX_HEADER = YES;
				GCC_PREFIX_HEADER = Kaiwa_Whiteboard_Prefix.pch;
				INFOPLIST_FILE = "Kaiwa_Whiteboard-Info.plist";
				INSTALL_PATH = "$(HOME)/Applications";
				PRODUCT_NAME = "Kaiwa Whiteboard";
			};
			name = Debug;
		};
		C01FCF4C08A954540054247B /* Release */ = {
			isa = XCBuildConfiguration;
			buildSettings = {
				ALWAYS_SEARCH_USER_PATHS = YES;
				BUILD_STYLE = Release;
				DEBUG_INFORMATION_FORMAT = "dwarf-with-dsym";
				FRAMEWORK_SEARCH_PATHS = (
					"$(inherited)",
					"\"$(SRCROOT)/../../../../Library/Frameworks\"",
				);
				GCC_MODEL_TUNING = G5;
				GCC_PRECOMPILE_PREFIX_HEADER = YES;
				GCC_PREFIX_HEADER = Kaiwa_Whiteboard_Prefix.pch;
				INFOPLIST_FILE = "Kaiwa_Whiteboard-Info.plist";
				INSTALL_PATH = "$(HOME)/Applications";
				PRODUCT_NAME = "Kaiwa Whiteboard";
			};
			name = Release;
		};
		C01FCF4F08A954540054247B /* Debug */ = {
			isa = XCBuildConfiguration;
			buildSettings = {
				ARCHS = "$(ARCHS_STANDARD_32_64_BIT)";
				BUILD_STYLE = Debug;
				GCC_C_LANGUAGE_STANDARD = gnu99;
				GCC_OPTIMIZATION_LEVEL = 0;
				GCC_WARN_ABOUT_RETURN_TYPE = YES;
				GCC_WARN_UNUSED_VARIABLE = YES;
				ONLY_ACTIVE_ARCH = YES;
				PREBINDING = NO;
				SDKROOT = macosx10.6;
			};
			name = Debug;
		};
		C01FCF5008A954540054247B /* Release */ = {
			isa = XCBuildConfiguration;
			buildSettings = {
				ARCHS = "$(ARCHS_STANDARD_32_64_BIT)";
				BUILD_STYLE = Release;
				GCC_C_LANGUAGE_STANDARD = gnu99;
				GCC_WARN_ABOUT_RETURN_TYPE = YES;
				GCC_WARN_UNUSED_VARIABLE = YES;
				PREBINDING = NO;
				SDKROOT = macosx10.6;
			};
			name = Release;
		};
		FCFA10EF13412B9700141766 /* Debug */ = {
			isa = XCBuildConfiguration;
			buildSettings = {
				ALWAYS_SEARCH_USER_PATHS = NO;
				BUILD_STYLE = Debug;
				COPY_PHASE_STRIP = NO;
				GCC_DYNAMIC_NO_PIC = NO;
				GCC_ENABLE_FIX_AND_CONTINUE = YES;
				GCC_MODEL_TUNING = G5;
				GCC_OPTIMIZATION_LEVEL = 0;
				GCC_PRECOMPILE_PREFIX_HEADER = YES;
				GCC_PREFIX_HEADER = Kaiwa_Whiteboard_Prefix.pch;
				INFOPLIST_FILE = "Kaiwa_Whiteboard-Info copy.plist";
				INSTALL_PATH = "$(HOME)/Applications";
				PRODUCT_NAME = "Kaiwa Whiteboard Test";
			};
			name = Debug;
		};
		FCFA10F013412B9700141766 /* Release */ = {
			isa = XCBuildConfiguration;
			buildSettings = {
				ALWAYS_SEARCH_USER_PATHS = NO;
				BUILD_STYLE = Release;
				DEBUG_INFORMATION_FORMAT = "dwarf-with-dsym";
				GCC_MODEL_TUNING = G5;
				GCC_PRECOMPILE_PREFIX_HEADER = YES;
				GCC_PREFIX_HEADER = Kaiwa_Whiteboard_Prefix.pch;
				INFOPLIST_FILE = "Kaiwa_Whiteboard-Info copy.plist";
				INSTALL_PATH = "$(HOME)/Applications";
				PRODUCT_NAME = "Kaiwa Whiteboard Test";
			};
			name = Release;
		};
/* End XCBuildConfiguration section */

/* Begin XCConfigurationList section */
		C01FCF4A08A954540054247B /* Build configuration list for PBXNativeTarget "Kaiwa Whiteboard" */ = {
			isa = XCConfigurationList;
			buildConfigurations = (
				C01FCF4B08A954540054247B /* Debug */,
				C01FCF4C08A954540054247B /* Release */,
			);
			defaultConfigurationIsVisible = 0;
			defaultConfigurationName = Release;
		};
		C01FCF4E08A954540054247B /* Build configuration list for PBXProject "Kaiwa Whiteboard" */ = {
			isa = XCConfigurationList;
			buildConfigurations = (
				C01FCF4F08A954540054247B /* Debug */,
				C01FCF5008A954540054247B /* Release */,
			);
			defaultConfigurationIsVisible = 0;
			defaultConfigurationName = Release;
		};
		FCFA10EE13412B9700141766 /* Build configuration list for PBXNativeTarget "Kaiwa Whiteboard Test" */ = {
			isa = XCConfigurationList;
			buildConfigurations = (
				FCFA10EF13412B9700141766 /* Debug */,
				FCFA10F013412B9700141766 /* Release */,
			);
			defaultConfigurationIsVisible = 0;
			defaultConfigurationName = Release;
		};
/* End XCConfigurationList section */
	};
	rootObject = 29B97313FDCFA39411CA2CEA /* Project object */;
}
