// !$*UTF8*$!
{
	archiveVersion = 1;
	classes = {
	};
	objectVersion = 45;
	objects = {

/* Begin PBXBuildFile section */
		1DDD58160DA1D0A300B32029 /* MainMenu.xib in Resources */ = {isa = PBXBuildFile; fileRef = 1DDD58140DA1D0A300B32029 /* MainMenu.xib */; };
		256AC3DA0F4B6AC300CF3369 /* Kaiwa_MessengerAppDelegate.m in Sources */ = {isa = PBXBuildFile; fileRef = 256AC3D90F4B6AC300CF3369 /* Kaiwa_MessengerAppDelegate.m */; };
		8D11072B0486CEB800E47090 /* InfoPlist.strings in Resources */ = {isa = PBXBuildFile; fileRef = 089C165CFE840E0CC02AAC07 /* InfoPlist.strings */; };
		8D11072D0486CEB800E47090 /* main.m in Sources */ = {isa = PBXBuildFile; fileRef = 29B97316FDCFA39411CA2CEA /* main.m */; settings = {ATTRIBUTES = (); }; };
		8D11072F0486CEB800E47090 /* Cocoa.framework in Frameworks */ = {isa = PBXBuildFile; fileRef = 1058C7A1FEA54F0111CA2CBB /* Cocoa.framework */; };
		FCF877D3133A62E7006779EF /* InfoPlist.strings in Resources */ = {isa = PBXBuildFile; fileRef = 089C165CFE840E0CC02AAC07 /* InfoPlist.strings */; };
		FCF877D4133A62E7006779EF /* MainMenu.xib in Resources */ = {isa = PBXBuildFile; fileRef = 1DDD58140DA1D0A300B32029 /* MainMenu.xib */; };
		FCF877D5133A62EF006779EF /* main.m in Sources */ = {isa = PBXBuildFile; fileRef = 29B97316FDCFA39411CA2CEA /* main.m */; };
		FCF877D6133A62EF006779EF /* Kaiwa_MessengerAppDelegate.m in Sources */ = {isa = PBXBuildFile; fileRef = 256AC3D90F4B6AC300CF3369 /* Kaiwa_MessengerAppDelegate.m */; };
		FCF877D7133A62F4006779EF /* Cocoa.framework in Frameworks */ = {isa = PBXBuildFile; fileRef = 1058C7A1FEA54F0111CA2CBB /* Cocoa.framework */; };
		FCF87905133A72A2006779EF /* KMBuddy.m in Sources */ = {isa = PBXBuildFile; fileRef = FCF87904133A72A2006779EF /* KMBuddy.m */; };
		FCF87906133A72A2006779EF /* KMBuddy.m in Sources */ = {isa = PBXBuildFile; fileRef = FCF87904133A72A2006779EF /* KMBuddy.m */; };
		FCF87909133A7495006779EF /* KMBuddyListController.m in Sources */ = {isa = PBXBuildFile; fileRef = FCF87908133A7495006779EF /* KMBuddyListController.m */; };
		FCF8790A133A7495006779EF /* KMBuddyListController.m in Sources */ = {isa = PBXBuildFile; fileRef = FCF87908133A7495006779EF /* KMBuddyListController.m */; };
		FCF87B42133AD550006779EF /* KMMessageWindowController.m in Sources */ = {isa = PBXBuildFile; fileRef = FCF87B41133AD550006779EF /* KMMessageWindowController.m */; };
		FCF87B43133AD550006779EF /* KMMessageWindowController.m in Sources */ = {isa = PBXBuildFile; fileRef = FCF87B41133AD550006779EF /* KMMessageWindowController.m */; };
		FCF87B45133AD561006779EF /* KMMessageWindowController.xib in Resources */ = {isa = PBXBuildFile; fileRef = FCF87B44133AD561006779EF /* KMMessageWindowController.xib */; };
		FCF87B46133AD561006779EF /* KMMessageWindowController.xib in Resources */ = {isa = PBXBuildFile; fileRef = FCF87B44133AD561006779EF /* KMMessageWindowController.xib */; };
		FCF87B63133ADDA1006779EF /* KMBuddyView.m in Sources */ = {isa = PBXBuildFile; fileRef = FCF87B62133ADDA1006779EF /* KMBuddyView.m */; };
		FCF87B64133ADDA1006779EF /* KMBuddyView.m in Sources */ = {isa = PBXBuildFile; fileRef = FCF87B62133ADDA1006779EF /* KMBuddyView.m */; };
		FCF87B67133ADE3B006779EF /* KMBuddyCollectionViewItem.m in Sources */ = {isa = PBXBuildFile; fileRef = FCF87B66133ADE3B006779EF /* KMBuddyCollectionViewItem.m */; };
		FCF87B68133ADE3B006779EF /* KMBuddyCollectionViewItem.m in Sources */ = {isa = PBXBuildFile; fileRef = FCF87B66133ADE3B006779EF /* KMBuddyCollectionViewItem.m */; };
		FCF87B92133ADF49006779EF /* KMBuddy.xib in Resources */ = {isa = PBXBuildFile; fileRef = FCF87B91133ADF49006779EF /* KMBuddy.xib */; };
		FCF87B93133ADF49006779EF /* KMBuddy.xib in Resources */ = {isa = PBXBuildFile; fileRef = FCF87B91133ADF49006779EF /* KMBuddy.xib */; };
		FCFA0D7A133E7FDF00141766 /* CoreServices.framework in Frameworks */ = {isa = PBXBuildFile; fileRef = FCFA0D79133E7FDF00141766 /* CoreServices.framework */; };
		FCFA0D86133E7FE800141766 /* CoreServices.framework in Frameworks */ = {isa = PBXBuildFile; fileRef = FCFA0D79133E7FDF00141766 /* CoreServices.framework */; };
		FCFA0EB6133E8BED00141766 /* Collaboration.framework in Frameworks */ = {isa = PBXBuildFile; fileRef = FCFA0EB5133E8BED00141766 /* Collaboration.framework */; };
		FCFA0EB9133E8BF100141766 /* Collaboration.framework in Frameworks */ = {isa = PBXBuildFile; fileRef = FCFA0EB5133E8BED00141766 /* Collaboration.framework */; };
		FCFA0F1A133E90AD00141766 /* KaiwaFramework.framework in CopyFiles */ = {isa = PBXBuildFile; fileRef = FCFA0EF5133E8EC500141766 /* KaiwaFramework.framework */; };
		FCFA0F1B133E90B100141766 /* KaiwaFramework.framework in CopyFiles */ = {isa = PBXBuildFile; fileRef = FCFA0EF5133E8EC500141766 /* KaiwaFramework.framework */; };
/* End PBXBuildFile section */

/* Begin PBXContainerItemProxy section */
		FCFA0EF4133E8EC500141766 /* PBXContainerItemProxy */ = {
			isa = PBXContainerItemProxy;
			containerPortal = FCFA0EEF133E8EC500141766 /* KaiwaFramework.xcodeproj */;
			proxyType = 2;
			remoteGlobalIDString = 8DC2EF5B0486A6940098B216 /* KaiwaFramework.framework */;
			remoteInfo = KaiwaFramework;
		};
		FCFA0EF6133E8EE700141766 /* PBXContainerItemProxy */ = {
			isa = PBXContainerItemProxy;
			containerPortal = FCFA0EEF133E8EC500141766 /* KaiwaFramework.xcodeproj */;
			proxyType = 1;
			remoteGlobalIDString = FCFA0ED9133E8E0900141766 /* Build and Install */;
			remoteInfo = "Build and Install";
		};
		FCFA0EF8133E8EF000141766 /* PBXContainerItemProxy */ = {
			isa = PBXContainerItemProxy;
			containerPortal = FCFA0EEF133E8EC500141766 /* KaiwaFramework.xcodeproj */;
			proxyType = 1;
			remoteGlobalIDString = FCFA0ED9133E8E0900141766 /* Build and Install */;
			remoteInfo = "Build and Install";
		};
/* End PBXContainerItemProxy section */

/* Begin PBXCopyFilesBuildPhase section */
		FCFA0ED1133E8CF700141766 /* CopyFiles */ = {
			isa = PBXCopyFilesBuildPhase;
			buildActionMask = 2147483647;
			dstPath = "";
			dstSubfolderSpec = 10;
			files = (
				FCFA0F1A133E90AD00141766 /* KaiwaFramework.framework in CopyFiles */,
			);
			runOnlyForDeploymentPostprocessing = 0;
		};
		FCFA0ED2133E8CF700141766 /* CopyFiles */ = {
			isa = PBXCopyFilesBuildPhase;
			buildActionMask = 2147483647;
			dstPath = "";
			dstSubfolderSpec = 10;
			files = (
				FCFA0F1B133E90B100141766 /* KaiwaFramework.framework in CopyFiles */,
			);
			runOnlyForDeploymentPostprocessing = 0;
		};
/* End PBXCopyFilesBuildPhase section */

/* Begin PBXFileReference section */
		089C165DFE840E0CC02AAC07 /* English */ = {isa = PBXFileReference; fileEncoding = 4; lastKnownFileType = text.plist.strings; name = English; path = English.lproj/InfoPlist.strings; sourceTree = "<group>"; };
		1058C7A1FEA54F0111CA2CBB /* Cocoa.framework */ = {isa = PBXFileReference; lastKnownFileType = wrapper.framework; name = Cocoa.framework; path = /System/Library/Frameworks/Cocoa.framework; sourceTree = "<absolute>"; };
		13E42FB307B3F0F600E4EEF1 /* CoreData.framework */ = {isa = PBXFileReference; lastKnownFileType = wrapper.framework; name = CoreData.framework; path = /System/Library/Frameworks/CoreData.framework; sourceTree = "<absolute>"; };
		1DDD58150DA1D0A300B32029 /* English */ = {isa = PBXFileReference; lastKnownFileType = file.xib; name = English; path = English.lproj/MainMenu.xib; sourceTree = "<group>"; };
		256AC3D80F4B6AC300CF3369 /* Kaiwa_MessengerAppDelegate.h */ = {isa = PBXFileReference; fileEncoding = 4; lastKnownFileType = sourcecode.c.h; path = Kaiwa_MessengerAppDelegate.h; sourceTree = "<group>"; };
		256AC3D90F4B6AC300CF3369 /* Kaiwa_MessengerAppDelegate.m */ = {isa = PBXFileReference; fileEncoding = 4; lastKnownFileType = sourcecode.c.objc; path = Kaiwa_MessengerAppDelegate.m; sourceTree = "<group>"; };
		256AC3F00F4B6AF500CF3369 /* Kaiwa_Messenger_Prefix.pch */ = {isa = PBXFileReference; fileEncoding = 4; lastKnownFileType = sourcecode.c.h; path = Kaiwa_Messenger_Prefix.pch; sourceTree = "<group>"; };
		29B97316FDCFA39411CA2CEA /* main.m */ = {isa = PBXFileReference; fileEncoding = 4; lastKnownFileType = sourcecode.c.objc; path = main.m; sourceTree = "<group>"; };
		29B97324FDCFA39411CA2CEA /* AppKit.framework */ = {isa = PBXFileReference; lastKnownFileType = wrapper.framework; name = AppKit.framework; path = /System/Library/Frameworks/AppKit.framework; sourceTree = "<absolute>"; };
		29B97325FDCFA39411CA2CEA /* Foundation.framework */ = {isa = PBXFileReference; lastKnownFileType = wrapper.framework; name = Foundation.framework; path = /System/Library/Frameworks/Foundation.framework; sourceTree = "<absolute>"; };
		8D1107310486CEB800E47090 /* Kaiwa_Messenger-Info.plist */ = {isa = PBXFileReference; fileEncoding = 4; lastKnownFileType = text.plist.xml; path = "Kaiwa_Messenger-Info.plist"; sourceTree = "<group>"; };
		8D1107320486CEB800E47090 /* Kaiwa Messenger.app */ = {isa = PBXFileReference; explicitFileType = wrapper.application; includeInIndex = 0; path = "Kaiwa Messenger.app"; sourceTree = BUILT_PRODUCTS_DIR; };
		FCF877CD133A62DF006779EF /* Kaiwa Test Messenger.app */ = {isa = PBXFileReference; explicitFileType = wrapper.application; includeInIndex = 0; path = "Kaiwa Test Messenger.app"; sourceTree = BUILT_PRODUCTS_DIR; };
		FCF877CF133A62DF006779EF /* Kaiwa Test Messenger-Info.plist */ = {isa = PBXFileReference; lastKnownFileType = text.plist.xml; path = "Kaiwa Test Messenger-Info.plist"; sourceTree = "<group>"; };
		FCF87903133A72A2006779EF /* KMBuddy.h */ = {isa = PBXFileReference; fileEncoding = 4; lastKnownFileType = sourcecode.c.h; path = KMBuddy.h; sourceTree = "<group>"; };
		FCF87904133A72A2006779EF /* KMBuddy.m */ = {isa = PBXFileReference; fileEncoding = 4; lastKnownFileType = sourcecode.c.objc; path = KMBuddy.m; sourceTree = "<group>"; };
		FCF87907133A7495006779EF /* KMBuddyListController.h */ = {isa = PBXFileReference; fileEncoding = 4; lastKnownFileType = sourcecode.c.h; path = KMBuddyListController.h; sourceTree = "<group>"; };
		FCF87908133A7495006779EF /* KMBuddyListController.m */ = {isa = PBXFileReference; fileEncoding = 4; lastKnownFileType = sourcecode.c.objc; path = KMBuddyListController.m; sourceTree = "<group>"; };
		FCF87B40133AD550006779EF /* KMMessageWindowController.h */ = {isa = PBXFileReference; fileEncoding = 4; lastKnownFileType = sourcecode.c.h; path = KMMessageWindowController.h; sourceTree = "<group>"; };
		FCF87B41133AD550006779EF /* KMMessageWindowController.m */ = {isa = PBXFileReference; fileEncoding = 4; lastKnownFileType = sourcecode.c.objc; path = KMMessageWindowController.m; sourceTree = "<group>"; };
		FCF87B44133AD561006779EF /* KMMessageWindowController.xib */ = {isa = PBXFileReference; lastKnownFileType = file.xib; path = KMMessageWindowController.xib; sourceTree = "<group>"; };
		FCF87B61133ADDA1006779EF /* KMBuddyView.h */ = {isa = PBXFileReference; fileEncoding = 4; lastKnownFileType = sourcecode.c.h; path = KMBuddyView.h; sourceTree = "<group>"; };
		FCF87B62133ADDA1006779EF /* KMBuddyView.m */ = {isa = PBXFileReference; fileEncoding = 4; lastKnownFileType = sourcecode.c.objc; path = KMBuddyView.m; sourceTree = "<group>"; };
		FCF87B65133ADE3B006779EF /* KMBuddyCollectionViewItem.h */ = {isa = PBXFileReference; fileEncoding = 4; lastKnownFileType = sourcecode.c.h; path = KMBuddyCollectionViewItem.h; sourceTree = "<group>"; };
		FCF87B66133ADE3B006779EF /* KMBuddyCollectionViewItem.m */ = {isa = PBXFileReference; fileEncoding = 4; lastKnownFileType = sourcecode.c.objc; path = KMBuddyCollectionViewItem.m; sourceTree = "<group>"; };
		FCF87B91133ADF49006779EF /* KMBuddy.xib */ = {isa = PBXFileReference; lastKnownFileType = file.xib; path = KMBuddy.xib; sourceTree = "<group>"; };
		FCFA0D79133E7FDF00141766 /* CoreServices.framework */ = {isa = PBXFileReference; lastKnownFileType = wrapper.framework; name = CoreServices.framework; path = System/Library/Frameworks/CoreServices.framework; sourceTree = SDKROOT; };
		FCFA0EB5133E8BED00141766 /* Collaboration.framework */ = {isa = PBXFileReference; lastKnownFileType = wrapper.framework; name = Collaboration.framework; path = System/Library/Frameworks/Collaboration.framework; sourceTree = SDKROOT; };
		FCFA0EEF133E8EC500141766 /* KaiwaFramework.xcodeproj */ = {isa = PBXFileReference; lastKnownFileType = "wrapper.pb-project"; name = KaiwaFramework.xcodeproj; path = ../KaiwaFramework/KaiwaFramework.xcodeproj; sourceTree = SOURCE_ROOT; };
/* End PBXFileReference section */

/* Begin PBXFrameworksBuildPhase section */
		8D11072E0486CEB800E47090 /* Frameworks */ = {
			isa = PBXFrameworksBuildPhase;
			buildActionMask = 2147483647;
			files = (
				FCFA0EB9133E8BF100141766 /* Collaboration.framework in Frameworks */,
				8D11072F0486CEB800E47090 /* Cocoa.framework in Frameworks */,
				FCFA0D7A133E7FDF00141766 /* CoreServices.framework in Frameworks */,
			);
			runOnlyForDeploymentPostprocessing = 0;
		};
		FCF877CB133A62DF006779EF /* Frameworks */ = {
			isa = PBXFrameworksBuildPhase;
			buildActionMask = 2147483647;
			files = (
				FCFA0D86133E7FE800141766 /* CoreServices.framework in Frameworks */,
				FCF877D7133A62F4006779EF /* Cocoa.framework in Frameworks */,
				FCFA0EB6133E8BED00141766 /* Collaboration.framework in Frameworks */,
			);
			runOnlyForDeploymentPostprocessing = 0;
		};
/* End PBXFrameworksBuildPhase section */

/* Begin PBXGroup section */
		080E96DDFE201D6D7F000001 /* Classes */ = {
			isa = PBXGroup;
			children = (
				FCF87849133A6366006779EF /* Application */,
			);
			name = Classes;
			sourceTree = "<group>";
		};
		1058C7A0FEA54F0111CA2CBB /* Linked Frameworks */ = {
			isa = PBXGroup;
			children = (
				1058C7A1FEA54F0111CA2CBB /* Cocoa.framework */,
				FCFA0D79133E7FDF00141766 /* CoreServices.framework */,
				FCFA0EB5133E8BED00141766 /* Collaboration.framework */,
			);
			name = "Linked Frameworks";
			sourceTree = "<group>";
		};
		1058C7A2FEA54F0111CA2CBB /* Other Frameworks */ = {
			isa = PBXGroup;
			children = (
				29B97324FDCFA39411CA2CEA /* AppKit.framework */,
				13E42FB307B3F0F600E4EEF1 /* CoreData.framework */,
				29B97325FDCFA39411CA2CEA /* Foundation.framework */,
			);
			name = "Other Frameworks";
			sourceTree = "<group>";
		};
		19C28FACFE9D520D11CA2CBB /* Products */ = {
			isa = PBXGroup;
			children = (
				8D1107320486CEB800E47090 /* Kaiwa Messenger.app */,
				FCF877CD133A62DF006779EF /* Kaiwa Test Messenger.app */,
			);
			name = Products;
			sourceTree = "<group>";
		};
		29B97314FDCFA39411CA2CEA /* Kaiwa Messenger */ = {
			isa = PBXGroup;
			children = (
				FCFA0EEA133E8EA500141766 /* Core Framework */,
				080E96DDFE201D6D7F000001 /* Classes */,
				29B97315FDCFA39411CA2CEA /* Other Sources */,
				29B97317FDCFA39411CA2CEA /* Resources */,
				29B97323FDCFA39411CA2CEA /* Frameworks */,
				19C28FACFE9D520D11CA2CBB /* Products */,
				FCF877CF133A62DF006779EF /* Kaiwa Test Messenger-Info.plist */,
			);
			name = "Kaiwa Messenger";
			sourceTree = "<group>";
		};
		29B97315FDCFA39411CA2CEA /* Other Sources */ = {
			isa = PBXGroup;
			children = (
				256AC3F00F4B6AF500CF3369 /* Kaiwa_Messenger_Prefix.pch */,
				29B97316FDCFA39411CA2CEA /* main.m */,
			);
			name = "Other Sources";
			sourceTree = "<group>";
		};
		29B97317FDCFA39411CA2CEA /* Resources */ = {
			isa = PBXGroup;
			children = (
				8D1107310486CEB800E47090 /* Kaiwa_Messenger-Info.plist */,
				089C165CFE840E0CC02AAC07 /* InfoPlist.strings */,
			);
			name = Resources;
			sourceTree = "<group>";
		};
		29B97323FDCFA39411CA2CEA /* Frameworks */ = {
			isa = PBXGroup;
			children = (
				1058C7A0FEA54F0111CA2CBB /* Linked Frameworks */,
				1058C7A2FEA54F0111CA2CBB /* Other Frameworks */,
			);
			name = Frameworks;
			sourceTree = "<group>";
		};
		FCF87849133A6366006779EF /* Application */ = {
			isa = PBXGroup;
			children = (
				FCF87B60133ADD8F006779EF /* Views */,
				256AC3D80F4B6AC300CF3369 /* Kaiwa_MessengerAppDelegate.h */,
				256AC3D90F4B6AC300CF3369 /* Kaiwa_MessengerAppDelegate.m */,
				1DDD58140DA1D0A300B32029 /* MainMenu.xib */,
				FCF87903133A72A2006779EF /* KMBuddy.h */,
				FCF87904133A72A2006779EF /* KMBuddy.m */,
				FCF87907133A7495006779EF /* KMBuddyListController.h */,
				FCF87908133A7495006779EF /* KMBuddyListController.m */,
				FCF87B40133AD550006779EF /* KMMessageWindowController.h */,
				FCF87B41133AD550006779EF /* KMMessageWindowController.m */,
				FCF87B44133AD561006779EF /* KMMessageWindowController.xib */,
			);
			name = Application;
			sourceTree = "<group>";
		};
		FCF87B60133ADD8F006779EF /* Views */ = {
			isa = PBXGroup;
			children = (
				FCF87B61133ADDA1006779EF /* KMBuddyView.h */,
				FCF87B62133ADDA1006779EF /* KMBuddyView.m */,
				FCF87B65133ADE3B006779EF /* KMBuddyCollectionViewItem.h */,
				FCF87B66133ADE3B006779EF /* KMBuddyCollectionViewItem.m */,
				FCF87B91133ADF49006779EF /* KMBuddy.xib */,
			);
			name = Views;
			sourceTree = "<group>";
		};
		FCFA0EEA133E8EA500141766 /* Core Framework */ = {
			isa = PBXGroup;
			children = (
				FCFA0EEF133E8EC500141766 /* KaiwaFramework.xcodeproj */,
			);
			name = "Core Framework";
			sourceTree = "<group>";
		};
		FCFA0EF0133E8EC500141766 /* Products */ = {
			isa = PBXGroup;
			children = (
				FCFA0EF5133E8EC500141766 /* KaiwaFramework.framework */,
			);
			name = Products;
			sourceTree = "<group>";
		};
/* End PBXGroup section */

/* Begin PBXNativeTarget section */
		8D1107260486CEB800E47090 /* Kaiwa Messenger */ = {
			isa = PBXNativeTarget;
			buildConfigurationList = C01FCF4A08A954540054247B /* Build configuration list for PBXNativeTarget "Kaiwa Messenger" */;
			buildPhases = (
				8D1107290486CEB800E47090 /* Resources */,
				8D11072C0486CEB800E47090 /* Sources */,
				8D11072E0486CEB800E47090 /* Frameworks */,
				FCFA0ED1133E8CF700141766 /* CopyFiles */,
			);
			buildRules = (
			);
			dependencies = (
				FCFA0EF7133E8EE700141766 /* PBXTargetDependency */,
			);
			name = "Kaiwa Messenger";
			productInstallPath = "$(HOME)/Applications";
			productName = "Kaiwa Messenger";
			productReference = 8D1107320486CEB800E47090 /* Kaiwa Messenger.app */;
			productType = "com.apple.product-type.application";
		};
		FCF877CC133A62DF006779EF /* Kaiwa Test Messenger */ = {
			isa = PBXNativeTarget;
			buildConfigurationList = FCF877D2133A62E0006779EF /* Build configuration list for PBXNativeTarget "Kaiwa Test Messenger" */;
			buildPhases = (
				FCF877C9133A62DF006779EF /* Resources */,
				FCF877CA133A62DF006779EF /* Sources */,
				FCF877CB133A62DF006779EF /* Frameworks */,
				FCFA0ED2133E8CF700141766 /* CopyFiles */,
			);
			buildRules = (
			);
			dependencies = (
				FCFA0EF9133E8EF000141766 /* PBXTargetDependency */,
			);
			name = "Kaiwa Test Messenger";
			productName = "Kaiwa Test Messenger";
			productReference = FCF877CD133A62DF006779EF /* Kaiwa Test Messenger.app */;
			productType = "com.apple.product-type.application";
		};
/* End PBXNativeTarget section */

/* Begin PBXProject section */
		29B97313FDCFA39411CA2CEA /* Project object */ = {
			isa = PBXProject;
			buildConfigurationList = C01FCF4E08A954540054247B /* Build configuration list for PBXProject "Kaiwa Messenger" */;
			compatibilityVersion = "Xcode 3.1";
			developmentRegion = English;
			hasScannedForEncodings = 1;
			knownRegions = (
				English,
				Japanese,
				French,
				German,
			);
			mainGroup = 29B97314FDCFA39411CA2CEA /* Kaiwa Messenger */;
			projectDirPath = "";
			projectReferences = (
				{
					ProductGroup = FCFA0EF0133E8EC500141766 /* Products */;
					ProjectRef = FCFA0EEF133E8EC500141766 /* KaiwaFramework.xcodeproj */;
				},
			);
			projectRoot = "";
			targets = (
				8D1107260486CEB800E47090 /* Kaiwa Messenger */,
				FCF877CC133A62DF006779EF /* Kaiwa Test Messenger */,
			);
		};
/* End PBXProject section */

/* Begin PBXReferenceProxy section */
		FCFA0EF5133E8EC500141766 /* KaiwaFramework.framework */ = {
			isa = PBXReferenceProxy;
			fileType = wrapper.framework;
			path = KaiwaFramework.framework;
			remoteRef = FCFA0EF4133E8EC500141766 /* PBXContainerItemProxy */;
			sourceTree = BUILT_PRODUCTS_DIR;
		};
/* End PBXReferenceProxy section */

/* Begin PBXResourcesBuildPhase section */
		8D1107290486CEB800E47090 /* Resources */ = {
			isa = PBXResourcesBuildPhase;
			buildActionMask = 2147483647;
			files = (
				8D11072B0486CEB800E47090 /* InfoPlist.strings in Resources */,
				1DDD58160DA1D0A300B32029 /* MainMenu.xib in Resources */,
				FCF87B45133AD561006779EF /* KMMessageWindowController.xib in Resources */,
				FCF87B92133ADF49006779EF /* KMBuddy.xib in Resources */,
			);
			runOnlyForDeploymentPostprocessing = 0;
		};
		FCF877C9133A62DF006779EF /* Resources */ = {
			isa = PBXResourcesBuildPhase;
			buildActionMask = 2147483647;
			files = (
				FCF877D3133A62E7006779EF /* InfoPlist.strings in Resources */,
				FCF877D4133A62E7006779EF /* MainMenu.xib in Resources */,
				FCF87B46133AD561006779EF /* KMMessageWindowController.xib in Resources */,
				FCF87B93133ADF49006779EF /* KMBuddy.xib in Resources */,
			);
			runOnlyForDeploymentPostprocessing = 0;
		};
/* End PBXResourcesBuildPhase section */

/* Begin PBXSourcesBuildPhase section */
		8D11072C0486CEB800E47090 /* Sources */ = {
			isa = PBXSourcesBuildPhase;
			buildActionMask = 2147483647;
			files = (
				8D11072D0486CEB800E47090 /* main.m in Sources */,
				256AC3DA0F4B6AC300CF3369 /* Kaiwa_MessengerAppDelegate.m in Sources */,
				FCF87905133A72A2006779EF /* KMBuddy.m in Sources */,
				FCF87909133A7495006779EF /* KMBuddyListController.m in Sources */,
				FCF87B42133AD550006779EF /* KMMessageWindowController.m in Sources */,
				FCF87B63133ADDA1006779EF /* KMBuddyView.m in Sources */,
				FCF87B67133ADE3B006779EF /* KMBuddyCollectionViewItem.m in Sources */,
			);
			runOnlyForDeploymentPostprocessing = 0;
		};
		FCF877CA133A62DF006779EF /* Sources */ = {
			isa = PBXSourcesBuildPhase;
			buildActionMask = 2147483647;
			files = (
				FCF877D5133A62EF006779EF /* main.m in Sources */,
				FCF877D6133A62EF006779EF /* Kaiwa_MessengerAppDelegate.m in Sources */,
				FCF87906133A72A2006779EF /* KMBuddy.m in Sources */,
				FCF8790A133A7495006779EF /* KMBuddyListController.m in Sources */,
				FCF87B43133AD550006779EF /* KMMessageWindowController.m in Sources */,
				FCF87B64133ADDA1006779EF /* KMBuddyView.m in Sources */,
				FCF87B68133ADE3B006779EF /* KMBuddyCollectionViewItem.m in Sources */,
			);
			runOnlyForDeploymentPostprocessing = 0;
		};
/* End PBXSourcesBuildPhase section */

/* Begin PBXTargetDependency section */
		FCFA0EF7133E8EE700141766 /* PBXTargetDependency */ = {
			isa = PBXTargetDependency;
			name = "Build and Install";
			targetProxy = FCFA0EF6133E8EE700141766 /* PBXContainerItemProxy */;
		};
		FCFA0EF9133E8EF000141766 /* PBXTargetDependency */ = {
			isa = PBXTargetDependency;
			name = "Build and Install";
			targetProxy = FCFA0EF8133E8EF000141766 /* PBXContainerItemProxy */;
		};
/* End PBXTargetDependency section */

/* Begin PBXVariantGroup section */
		089C165CFE840E0CC02AAC07 /* InfoPlist.strings */ = {
			isa = PBXVariantGroup;
			children = (
				089C165DFE840E0CC02AAC07 /* English */,
			);
			name = InfoPlist.strings;
			sourceTree = "<group>";
		};
		1DDD58140DA1D0A300B32029 /* MainMenu.xib */ = {
			isa = PBXVariantGroup;
			children = (
				1DDD58150DA1D0A300B32029 /* English */,
			);
			name = MainMenu.xib;
			sourceTree = "<group>";
		};
/* End PBXVariantGroup section */

/* Begin XCBuildConfiguration section */
		C01FCF4B08A954540054247B /* Debug */ = {
			isa = XCBuildConfiguration;
			buildSettings = {
				ALWAYS_SEARCH_USER_PATHS = NO;
				COPY_PHASE_STRIP = NO;
				GCC_DYNAMIC_NO_PIC = NO;
				GCC_ENABLE_FIX_AND_CONTINUE = YES;
				GCC_MODEL_TUNING = G5;
				GCC_OPTIMIZATION_LEVEL = 0;
				GCC_PRECOMPILE_PREFIX_HEADER = YES;
				GCC_PREFIX_HEADER = Kaiwa_Messenger_Prefix.pch;
				INFOPLIST_FILE = "Kaiwa_Messenger-Info.plist";
				INSTALL_PATH = "$(HOME)/Applications";
				LIBRARY_SEARCH_PATHS = (
					"$(inherited)",
					"\"$(SRCROOT)/../Kaiwa/pcre/lib/osx\"",
				);
				OTHER_LDFLAGS = (
					"-framework",
					KaiwaFramework,
					"-search_paths_first",
					"-W1",
				);
				PRODUCT_NAME = "Kaiwa Messenger";
			};
			name = Debug;
		};
		C01FCF4C08A954540054247B /* Release */ = {
			isa = XCBuildConfiguration;
			buildSettings = {
				ALWAYS_SEARCH_USER_PATHS = NO;
				DEBUG_INFORMATION_FORMAT = "dwarf-with-dsym";
				GCC_MODEL_TUNING = G5;
				GCC_PRECOMPILE_PREFIX_HEADER = YES;
				GCC_PREFIX_HEADER = Kaiwa_Messenger_Prefix.pch;
				INFOPLIST_FILE = "Kaiwa_Messenger-Info.plist";
				INSTALL_PATH = "$(HOME)/Applications";
				LIBRARY_SEARCH_PATHS = (
					"$(inherited)",
					"\"$(SRCROOT)/../Kaiwa/pcre/lib/osx\"",
				);
				OTHER_LDFLAGS = (
					"-framework",
					KaiwaFramework,
					"-search_paths_first",
					"-W1",
				);
				PRODUCT_NAME = "Kaiwa Messenger";
			};
			name = Release;
		};
		C01FCF4F08A954540054247B /* Debug */ = {
			isa = XCBuildConfiguration;
			buildSettings = {
				ARCHS = "$(ARCHS_STANDARD_32_64_BIT)";
				GCC_C_LANGUAGE_STANDARD = gnu99;
				GCC_OPTIMIZATION_LEVEL = 0;
				GCC_WARN_ABOUT_RETURN_TYPE = YES;
				GCC_WARN_UNUSED_VARIABLE = YES;
				HEADER_SEARCH_PATHS = "";
				ONLY_ACTIVE_ARCH = YES;
				OTHER_LDFLAGS = (
					"-search_paths_first",
					"-W1",
				);
				PREBINDING = NO;
				SDKROOT = macosx10.6;
			};
			name = Debug;
		};
		C01FCF5008A954540054247B /* Release */ = {
			isa = XCBuildConfiguration;
			buildSettings = {
				ARCHS = "$(ARCHS_STANDARD_32_64_BIT)";
				GCC_C_LANGUAGE_STANDARD = gnu99;
				GCC_WARN_ABOUT_RETURN_TYPE = YES;
				GCC_WARN_UNUSED_VARIABLE = YES;
				HEADER_SEARCH_PATHS = "";
				OTHER_LDFLAGS = (
					"-search_paths_first",
					"-W1",
				);
				PREBINDING = NO;
				SDKROOT = macosx10.6;
			};
			name = Release;
		};
		FCF877D0133A62DF006779EF /* Debug */ = {
			isa = XCBuildConfiguration;
			buildSettings = {
				ALWAYS_SEARCH_USER_PATHS = NO;
				COPY_PHASE_STRIP = NO;
				GCC_DYNAMIC_NO_PIC = NO;
				GCC_ENABLE_FIX_AND_CONTINUE = YES;
				GCC_MODEL_TUNING = G5;
				GCC_OPTIMIZATION_LEVEL = 0;
				GCC_PRECOMPILE_PREFIX_HEADER = YES;
				GCC_PREFIX_HEADER = "$(SYSTEM_LIBRARY_DIR)/Frameworks/AppKit.framework/Headers/AppKit.h";
				INFOPLIST_FILE = "Kaiwa Test Messenger-Info.plist";
				INSTALL_PATH = "$(HOME)/Applications";
				LIBRARY_SEARCH_PATHS = (
					"$(inherited)",
					"\"$(SRCROOT)/../Kaiwa/pcre/lib/osx\"",
				);
				OTHER_LDFLAGS = (
					"-framework",
					KaiwaFramework,
					"-framework",
					Foundation,
					"-framework",
					AppKit,
				);
				PREBINDING = NO;
				PRODUCT_NAME = "Kaiwa Test Messenger";
			};
			name = Debug;
		};
		FCF877D1133A62DF006779EF /* Release */ = {
			isa = XCBuildConfiguration;
			buildSettings = {
				ALWAYS_SEARCH_USER_PATHS = NO;
				COPY_PHASE_STRIP = YES;
				DEBUG_INFORMATION_FORMAT = "dwarf-with-dsym";
				GCC_ENABLE_FIX_AND_CONTINUE = NO;
				GCC_MODEL_TUNING = G5;
				GCC_PRECOMPILE_PREFIX_HEADER = YES;
				GCC_PREFIX_HEADER = "$(SYSTEM_LIBRARY_DIR)/Frameworks/AppKit.framework/Headers/AppKit.h";
				INFOPLIST_FILE = "Kaiwa Test Messenger-Info.plist";
				INSTALL_PATH = "$(HOME)/Applications";
				LIBRARY_SEARCH_PATHS = (
					"$(inherited)",
					"\"$(SRCROOT)/../Kaiwa/pcre/lib/osx\"",
				);
				OTHER_LDFLAGS = (
					"-framework",
					KaiwaFramework,
					"-framework",
					Foundation,
					"-framework",
					AppKit,
				);
				PREBINDING = NO;
				PRODUCT_NAME = "Kaiwa Test Messenger";
				ZERO_LINK = NO;
			};
			name = Release;
		};
/* End XCBuildConfiguration section */

/* Begin XCConfigurationList section */
		C01FCF4A08A954540054247B /* Build configuration list for PBXNativeTarget "Kaiwa Messenger" */ = {
			isa = XCConfigurationList;
			buildConfigurations = (
				C01FCF4B08A954540054247B /* Debug */,
				C01FCF4C08A954540054247B /* Release */,
			);
			defaultConfigurationIsVisible = 0;
			defaultConfigurationName = Release;
		};
		C01FCF4E08A954540054247B /* Build configuration list for PBXProject "Kaiwa Messenger" */ = {
			isa = XCConfigurationList;
			buildConfigurations = (
				C01FCF4F08A954540054247B /* Debug */,
				C01FCF5008A954540054247B /* Release */,
			);
			defaultConfigurationIsVisible = 0;
			defaultConfigurationName = Release;
		};
		FCF877D2133A62E0006779EF /* Build configuration list for PBXNativeTarget "Kaiwa Test Messenger" */ = {
			isa = XCConfigurationList;
			buildConfigurations = (
				FCF877D0133A62DF006779EF /* Debug */,
				FCF877D1133A62DF006779EF /* Release */,
			);
			defaultConfigurationIsVisible = 0;
			defaultConfigurationName = Release;
		};
/* End XCConfigurationList section */
	};
	rootObject = 29B97313FDCFA39411CA2CEA /* Project object */;
}
